// !$*UTF8*$!
{
	archiveVersion = 1;
	classes = {
	};
	objectVersion = 50;
	objects = {

/* Begin PBXBuildFile section */
		8789E8062B14FDBD4704657B /* Pods_Statistics_Covid_19_Statistics_Covid_19UITests.framework in Frameworks */ = {isa = PBXBuildFile; fileRef = 086E7A33C23ED5210F16B70A /* Pods_Statistics_Covid_19_Statistics_Covid_19UITests.framework */; };
		9FB770F3196CB3D3D38CCE62 /* Pods_Statistics_Covid_19Tests.framework in Frameworks */ = {isa = PBXBuildFile; fileRef = BDF675DD1DDBBA9F6055C9F9 /* Pods_Statistics_Covid_19Tests.framework */; };
		B4096D4C26DA8494008FCF70 /* DBCountry+CoreDataClass.swift in Sources */ = {isa = PBXBuildFile; fileRef = B4096D4826DA8494008FCF70 /* DBCountry+CoreDataClass.swift */; };
		B4096D4D26DA8494008FCF70 /* DBCountry+CoreDataProperties.swift in Sources */ = {isa = PBXBuildFile; fileRef = B4096D4926DA8494008FCF70 /* DBCountry+CoreDataProperties.swift */; };
		B4096D4E26DA8494008FCF70 /* DBStatistics+CoreDataClass.swift in Sources */ = {isa = PBXBuildFile; fileRef = B4096D4A26DA8494008FCF70 /* DBStatistics+CoreDataClass.swift */; };
		B4096D4F26DA8494008FCF70 /* DBStatistics+CoreDataProperties.swift in Sources */ = {isa = PBXBuildFile; fileRef = B4096D4B26DA8494008FCF70 /* DBStatistics+CoreDataProperties.swift */; };
		B40CC1FC26CFF51B00247152 /* NetworkingService.swift in Sources */ = {isa = PBXBuildFile; fileRef = B40CC1FB26CFF51B00247152 /* NetworkingService.swift */; };
		B40CC1FF26CFFF1400247152 /* RequestsFactory.swift in Sources */ = {isa = PBXBuildFile; fileRef = B40CC1FE26CFFF1400247152 /* RequestsFactory.swift */; };
		B40CC20226D0067300247152 /* RequestSender.swift in Sources */ = {isa = PBXBuildFile; fileRef = B40CC20126D0067300247152 /* RequestSender.swift */; };
		B40CC20426D00CE800247152 /* Parsers.swift in Sources */ = {isa = PBXBuildFile; fileRef = B40CC20326D00CE800247152 /* Parsers.swift */; };
		B40CC20626D01E6900247152 /* NetworkingServiceModels.swift in Sources */ = {isa = PBXBuildFile; fileRef = B40CC20526D01E6800247152 /* NetworkingServiceModels.swift */; };
		B40CC20B26D0437A00247152 /* UserDefaultsService.swift in Sources */ = {isa = PBXBuildFile; fileRef = B40CC20A26D0437A00247152 /* UserDefaultsService.swift */; };
		B423F3EB26C835860054C163 /* StatisticsView.swift in Sources */ = {isa = PBXBuildFile; fileRef = B423F3EA26C835860054C163 /* StatisticsView.swift */; };
		B423F3ED26C849E30054C163 /* CountryView.swift in Sources */ = {isa = PBXBuildFile; fileRef = B423F3EC26C849E30054C163 /* CountryView.swift */; };
		B423F3F226C84A9F0054C163 /* StatisticsModel.swift in Sources */ = {isa = PBXBuildFile; fileRef = B423F3F126C84A9F0054C163 /* StatisticsModel.swift */; };
		B423F3F426C864CC0054C163 /* NewCasesView.swift in Sources */ = {isa = PBXBuildFile; fileRef = B423F3F326C864CC0054C163 /* NewCasesView.swift */; };
		B42BD68926BFDF02007969B7 /* AppDelegate.swift in Sources */ = {isa = PBXBuildFile; fileRef = B42BD68826BFDF02007969B7 /* AppDelegate.swift */; };
		B42BD68B26BFDF02007969B7 /* SceneDelegate.swift in Sources */ = {isa = PBXBuildFile; fileRef = B42BD68A26BFDF02007969B7 /* SceneDelegate.swift */; };
		B42BD69526BFDF03007969B7 /* Assets.xcassets in Resources */ = {isa = PBXBuildFile; fileRef = B42BD69426BFDF03007969B7 /* Assets.xcassets */; };
		B42BD69826BFDF03007969B7 /* LaunchScreen.storyboard in Resources */ = {isa = PBXBuildFile; fileRef = B42BD69626BFDF03007969B7 /* LaunchScreen.storyboard */; };
		B42BD6A326BFDF04007969B7 /* Statistics_Covid_19Tests.swift in Sources */ = {isa = PBXBuildFile; fileRef = B42BD6A226BFDF04007969B7 /* Statistics_Covid_19Tests.swift */; };
		B42BD6AE26BFDF04007969B7 /* Statistics_Covid_19UITests.swift in Sources */ = {isa = PBXBuildFile; fileRef = B42BD6AD26BFDF04007969B7 /* Statistics_Covid_19UITests.swift */; };
		B42BD6C126BFF568007969B7 /* AssemblyBuilder.swift in Sources */ = {isa = PBXBuildFile; fileRef = B42BD6C026BFF568007969B7 /* AssemblyBuilder.swift */; };
		B42BD6C326BFF6E5007969B7 /* StatisticsViewController.swift in Sources */ = {isa = PBXBuildFile; fileRef = B42BD6C226BFF6E5007969B7 /* StatisticsViewController.swift */; };
		B42BD6C626C00021007969B7 /* Constants.swift in Sources */ = {isa = PBXBuildFile; fileRef = B42BD6C526C00021007969B7 /* Constants.swift */; };
		B42BD6CA26C00478007969B7 /* MainRouter.swift in Sources */ = {isa = PBXBuildFile; fileRef = B42BD6C926C00478007969B7 /* MainRouter.swift */; };
		B42BD6CC26C0091A007969B7 /* InformationViewController.swift in Sources */ = {isa = PBXBuildFile; fileRef = B42BD6CB26C0091A007969B7 /* InformationViewController.swift */; };
		B42BD6D026C013DF007969B7 /* InformationView.swift in Sources */ = {isa = PBXBuildFile; fileRef = B42BD6CF26C013DF007969B7 /* InformationView.swift */; };
		B42BD6D226C02BB8007969B7 /* InformationCollectionViewCell.swift in Sources */ = {isa = PBXBuildFile; fileRef = B42BD6D126C02BB8007969B7 /* InformationCollectionViewCell.swift */; };
		B447911926DBCFCB00A8CEA6 /* ImageActivityItemSource.swift in Sources */ = {isa = PBXBuildFile; fileRef = B447911826DBCFCB00A8CEA6 /* ImageActivityItemSource.swift */; };
		B451BBD226D138FB008A3791 /* CountryListViewController.swift in Sources */ = {isa = PBXBuildFile; fileRef = B451BBD126D138FB008A3791 /* CountryListViewController.swift */; };
		B451BBD526D139FB008A3791 /* CountryListView.swift in Sources */ = {isa = PBXBuildFile; fileRef = B451BBD426D139FB008A3791 /* CountryListView.swift */; };
		B451BBD726D140D2008A3791 /* CountryListModel.swift in Sources */ = {isa = PBXBuildFile; fileRef = B451BBD626D140D2008A3791 /* CountryListModel.swift */; };
		B451BBD926D161AB008A3791 /* CountryListTableViewCell.swift in Sources */ = {isa = PBXBuildFile; fileRef = B451BBD826D161AB008A3791 /* CountryListTableViewCell.swift */; };
		B483502426DFF0EE006772B4 /* StatisticsGraphView.swift in Sources */ = {isa = PBXBuildFile; fileRef = B483502326DFF0EE006772B4 /* StatisticsGraphView.swift */; };
		B48831DF26DA657D00A8017B /* StatisticsCovid.xcdatamodeld in Sources */ = {isa = PBXBuildFile; fileRef = B48831DD26DA657D00A8017B /* StatisticsCovid.xcdatamodeld */; };
		B48831EA26DA66CE00A8017B /* CoreDataStack.swift in Sources */ = {isa = PBXBuildFile; fileRef = B48831E926DA66CE00A8017B /* CoreDataStack.swift */; };
		B48831ED26DA6A7B00A8017B /* CoreDataService.swift in Sources */ = {isa = PBXBuildFile; fileRef = B48831EC26DA6A7B00A8017B /* CoreDataService.swift */; };
		B498B4EE26C46FBF003409B7 /* RecommendationView.swift in Sources */ = {isa = PBXBuildFile; fileRef = B498B4ED26C46FBF003409B7 /* RecommendationView.swift */; };
		B499908026D27AB600B5338A /* DataMapper.swift in Sources */ = {isa = PBXBuildFile; fileRef = B499907F26D27AB600B5338A /* DataMapper.swift */; };
		B499908626D2E4EA00B5338A /* DataFormatterService.swift in Sources */ = {isa = PBXBuildFile; fileRef = B499908526D2E4EA00B5338A /* DataFormatterService.swift */; };
		B4C27F2C26C1BF84005738F6 /* InformationModels.swift in Sources */ = {isa = PBXBuildFile; fileRef = B4C27F2B26C1BF84005738F6 /* InformationModels.swift */; };
		B4CB879126C93A8D00F68893 /* TotalCasesView.swift in Sources */ = {isa = PBXBuildFile; fileRef = B4CB879026C93A8D00F68893 /* TotalCasesView.swift */; };
		B4CB879326C96BC300F68893 /* CommandButtonView.swift in Sources */ = {isa = PBXBuildFile; fileRef = B4CB879226C96BC300F68893 /* CommandButtonView.swift */; };
		DC66CB7358C1622E1D193735 /* Pods_Statistics_Covid_19.framework in Frameworks */ = {isa = PBXBuildFile; fileRef = 03C120E39902EA31894F438E /* Pods_Statistics_Covid_19.framework */; };
/* End PBXBuildFile section */

/* Begin PBXContainerItemProxy section */
		B42BD69F26BFDF04007969B7 /* PBXContainerItemProxy */ = {
			isa = PBXContainerItemProxy;
			containerPortal = B42BD67D26BFDF02007969B7 /* Project object */;
			proxyType = 1;
			remoteGlobalIDString = B42BD68426BFDF02007969B7;
			remoteInfo = "Statistics Covid-19";
		};
		B42BD6AA26BFDF04007969B7 /* PBXContainerItemProxy */ = {
			isa = PBXContainerItemProxy;
			containerPortal = B42BD67D26BFDF02007969B7 /* Project object */;
			proxyType = 1;
			remoteGlobalIDString = B42BD68426BFDF02007969B7;
			remoteInfo = "Statistics Covid-19";
		};
/* End PBXContainerItemProxy section */

/* Begin PBXFileReference section */
		01A7989304E061DC2F1B874C /* Pods-Statistics Covid-19.debug.xcconfig */ = {isa = PBXFileReference; includeInIndex = 1; lastKnownFileType = text.xcconfig; name = "Pods-Statistics Covid-19.debug.xcconfig"; path = "Target Support Files/Pods-Statistics Covid-19/Pods-Statistics Covid-19.debug.xcconfig"; sourceTree = "<group>"; };
		03C120E39902EA31894F438E /* Pods_Statistics_Covid_19.framework */ = {isa = PBXFileReference; explicitFileType = wrapper.framework; includeInIndex = 0; path = Pods_Statistics_Covid_19.framework; sourceTree = BUILT_PRODUCTS_DIR; };
		086E7A33C23ED5210F16B70A /* Pods_Statistics_Covid_19_Statistics_Covid_19UITests.framework */ = {isa = PBXFileReference; explicitFileType = wrapper.framework; includeInIndex = 0; path = Pods_Statistics_Covid_19_Statistics_Covid_19UITests.framework; sourceTree = BUILT_PRODUCTS_DIR; };
		36EB1E1076FB3DF5050414C1 /* Pods-Statistics Covid-19-Statistics Covid-19UITests.release.xcconfig */ = {isa = PBXFileReference; includeInIndex = 1; lastKnownFileType = text.xcconfig; name = "Pods-Statistics Covid-19-Statistics Covid-19UITests.release.xcconfig"; path = "Target Support Files/Pods-Statistics Covid-19-Statistics Covid-19UITests/Pods-Statistics Covid-19-Statistics Covid-19UITests.release.xcconfig"; sourceTree = "<group>"; };
		63C22A56BAD366C04D81BC24 /* Pods-Statistics Covid-19.release.xcconfig */ = {isa = PBXFileReference; includeInIndex = 1; lastKnownFileType = text.xcconfig; name = "Pods-Statistics Covid-19.release.xcconfig"; path = "Target Support Files/Pods-Statistics Covid-19/Pods-Statistics Covid-19.release.xcconfig"; sourceTree = "<group>"; };
		6520FE64E30B0C20B98F5752 /* Pods-Statistics Covid-19Tests.debug.xcconfig */ = {isa = PBXFileReference; includeInIndex = 1; lastKnownFileType = text.xcconfig; name = "Pods-Statistics Covid-19Tests.debug.xcconfig"; path = "Target Support Files/Pods-Statistics Covid-19Tests/Pods-Statistics Covid-19Tests.debug.xcconfig"; sourceTree = "<group>"; };
		B4096D4826DA8494008FCF70 /* DBCountry+CoreDataClass.swift */ = {isa = PBXFileReference; lastKnownFileType = sourcecode.swift; path = "DBCountry+CoreDataClass.swift"; sourceTree = "<group>"; };
		B4096D4926DA8494008FCF70 /* DBCountry+CoreDataProperties.swift */ = {isa = PBXFileReference; lastKnownFileType = sourcecode.swift; path = "DBCountry+CoreDataProperties.swift"; sourceTree = "<group>"; };
		B4096D4A26DA8494008FCF70 /* DBStatistics+CoreDataClass.swift */ = {isa = PBXFileReference; lastKnownFileType = sourcecode.swift; path = "DBStatistics+CoreDataClass.swift"; sourceTree = "<group>"; };
		B4096D4B26DA8494008FCF70 /* DBStatistics+CoreDataProperties.swift */ = {isa = PBXFileReference; lastKnownFileType = sourcecode.swift; path = "DBStatistics+CoreDataProperties.swift"; sourceTree = "<group>"; };
		B40CC1FB26CFF51B00247152 /* NetworkingService.swift */ = {isa = PBXFileReference; lastKnownFileType = sourcecode.swift; path = NetworkingService.swift; sourceTree = "<group>"; };
		B40CC1FE26CFFF1400247152 /* RequestsFactory.swift */ = {isa = PBXFileReference; lastKnownFileType = sourcecode.swift; path = RequestsFactory.swift; sourceTree = "<group>"; };
		B40CC20126D0067300247152 /* RequestSender.swift */ = {isa = PBXFileReference; lastKnownFileType = sourcecode.swift; path = RequestSender.swift; sourceTree = "<group>"; };
		B40CC20326D00CE800247152 /* Parsers.swift */ = {isa = PBXFileReference; lastKnownFileType = sourcecode.swift; path = Parsers.swift; sourceTree = "<group>"; };
		B40CC20526D01E6800247152 /* NetworkingServiceModels.swift */ = {isa = PBXFileReference; lastKnownFileType = sourcecode.swift; path = NetworkingServiceModels.swift; sourceTree = "<group>"; };
		B40CC20A26D0437A00247152 /* UserDefaultsService.swift */ = {isa = PBXFileReference; lastKnownFileType = sourcecode.swift; path = UserDefaultsService.swift; sourceTree = "<group>"; };
		B423F3EA26C835860054C163 /* StatisticsView.swift */ = {isa = PBXFileReference; lastKnownFileType = sourcecode.swift; path = StatisticsView.swift; sourceTree = "<group>"; };
		B423F3EC26C849E30054C163 /* CountryView.swift */ = {isa = PBXFileReference; lastKnownFileType = sourcecode.swift; path = CountryView.swift; sourceTree = "<group>"; };
		B423F3F126C84A9F0054C163 /* StatisticsModel.swift */ = {isa = PBXFileReference; lastKnownFileType = sourcecode.swift; path = StatisticsModel.swift; sourceTree = "<group>"; };
		B423F3F326C864CC0054C163 /* NewCasesView.swift */ = {isa = PBXFileReference; lastKnownFileType = sourcecode.swift; path = NewCasesView.swift; sourceTree = "<group>"; };
		B42BD68526BFDF02007969B7 /* Statistics Covid-19.app */ = {isa = PBXFileReference; explicitFileType = wrapper.application; includeInIndex = 0; path = "Statistics Covid-19.app"; sourceTree = BUILT_PRODUCTS_DIR; };
		B42BD68826BFDF02007969B7 /* AppDelegate.swift */ = {isa = PBXFileReference; lastKnownFileType = sourcecode.swift; path = AppDelegate.swift; sourceTree = "<group>"; };
		B42BD68A26BFDF02007969B7 /* SceneDelegate.swift */ = {isa = PBXFileReference; lastKnownFileType = sourcecode.swift; path = SceneDelegate.swift; sourceTree = "<group>"; };
		B42BD69426BFDF03007969B7 /* Assets.xcassets */ = {isa = PBXFileReference; lastKnownFileType = folder.assetcatalog; path = Assets.xcassets; sourceTree = "<group>"; };
		B42BD69726BFDF03007969B7 /* Base */ = {isa = PBXFileReference; lastKnownFileType = file.storyboard; name = Base; path = Base.lproj/LaunchScreen.storyboard; sourceTree = "<group>"; };
		B42BD69926BFDF03007969B7 /* Info.plist */ = {isa = PBXFileReference; lastKnownFileType = text.plist.xml; path = Info.plist; sourceTree = "<group>"; };
		B42BD69E26BFDF04007969B7 /* Statistics Covid-19Tests.xctest */ = {isa = PBXFileReference; explicitFileType = wrapper.cfbundle; includeInIndex = 0; path = "Statistics Covid-19Tests.xctest"; sourceTree = BUILT_PRODUCTS_DIR; };
		B42BD6A226BFDF04007969B7 /* Statistics_Covid_19Tests.swift */ = {isa = PBXFileReference; lastKnownFileType = sourcecode.swift; path = Statistics_Covid_19Tests.swift; sourceTree = "<group>"; };
		B42BD6A426BFDF04007969B7 /* Info.plist */ = {isa = PBXFileReference; lastKnownFileType = text.plist.xml; path = Info.plist; sourceTree = "<group>"; };
		B42BD6A926BFDF04007969B7 /* Statistics Covid-19UITests.xctest */ = {isa = PBXFileReference; explicitFileType = wrapper.cfbundle; includeInIndex = 0; path = "Statistics Covid-19UITests.xctest"; sourceTree = BUILT_PRODUCTS_DIR; };
		B42BD6AD26BFDF04007969B7 /* Statistics_Covid_19UITests.swift */ = {isa = PBXFileReference; lastKnownFileType = sourcecode.swift; path = Statistics_Covid_19UITests.swift; sourceTree = "<group>"; };
		B42BD6AF26BFDF04007969B7 /* Info.plist */ = {isa = PBXFileReference; lastKnownFileType = text.plist.xml; path = Info.plist; sourceTree = "<group>"; };
		B42BD6C026BFF568007969B7 /* AssemblyBuilder.swift */ = {isa = PBXFileReference; lastKnownFileType = sourcecode.swift; path = AssemblyBuilder.swift; sourceTree = "<group>"; };
		B42BD6C226BFF6E5007969B7 /* StatisticsViewController.swift */ = {isa = PBXFileReference; lastKnownFileType = sourcecode.swift; path = StatisticsViewController.swift; sourceTree = "<group>"; };
		B42BD6C526C00021007969B7 /* Constants.swift */ = {isa = PBXFileReference; lastKnownFileType = sourcecode.swift; path = Constants.swift; sourceTree = "<group>"; };
		B42BD6C926C00478007969B7 /* MainRouter.swift */ = {isa = PBXFileReference; lastKnownFileType = sourcecode.swift; path = MainRouter.swift; sourceTree = "<group>"; };
		B42BD6CB26C0091A007969B7 /* InformationViewController.swift */ = {isa = PBXFileReference; lastKnownFileType = sourcecode.swift; path = InformationViewController.swift; sourceTree = "<group>"; };
		B42BD6CF26C013DF007969B7 /* InformationView.swift */ = {isa = PBXFileReference; lastKnownFileType = sourcecode.swift; path = InformationView.swift; sourceTree = "<group>"; };
		B42BD6D126C02BB8007969B7 /* InformationCollectionViewCell.swift */ = {isa = PBXFileReference; lastKnownFileType = sourcecode.swift; path = InformationCollectionViewCell.swift; sourceTree = "<group>"; };
		B447911826DBCFCB00A8CEA6 /* ImageActivityItemSource.swift */ = {isa = PBXFileReference; lastKnownFileType = sourcecode.swift; path = ImageActivityItemSource.swift; sourceTree = "<group>"; };
		B451BBD126D138FB008A3791 /* CountryListViewController.swift */ = {isa = PBXFileReference; lastKnownFileType = sourcecode.swift; path = CountryListViewController.swift; sourceTree = "<group>"; };
		B451BBD426D139FB008A3791 /* CountryListView.swift */ = {isa = PBXFileReference; lastKnownFileType = sourcecode.swift; path = CountryListView.swift; sourceTree = "<group>"; };
		B451BBD626D140D2008A3791 /* CountryListModel.swift */ = {isa = PBXFileReference; lastKnownFileType = sourcecode.swift; path = CountryListModel.swift; sourceTree = "<group>"; };
		B451BBD826D161AB008A3791 /* CountryListTableViewCell.swift */ = {isa = PBXFileReference; lastKnownFileType = sourcecode.swift; path = CountryListTableViewCell.swift; sourceTree = "<group>"; };
		B483502326DFF0EE006772B4 /* StatisticsGraphView.swift */ = {isa = PBXFileReference; lastKnownFileType = sourcecode.swift; path = StatisticsGraphView.swift; sourceTree = "<group>"; };
		B48831DE26DA657D00A8017B /* StatisticsCovid.xcdatamodel */ = {isa = PBXFileReference; lastKnownFileType = wrapper.xcdatamodel; path = StatisticsCovid.xcdatamodel; sourceTree = "<group>"; };
		B48831E926DA66CE00A8017B /* CoreDataStack.swift */ = {isa = PBXFileReference; lastKnownFileType = sourcecode.swift; path = CoreDataStack.swift; sourceTree = "<group>"; };
		B48831EC26DA6A7B00A8017B /* CoreDataService.swift */ = {isa = PBXFileReference; lastKnownFileType = sourcecode.swift; path = CoreDataService.swift; sourceTree = "<group>"; };
		B498B4ED26C46FBF003409B7 /* RecommendationView.swift */ = {isa = PBXFileReference; lastKnownFileType = sourcecode.swift; path = RecommendationView.swift; sourceTree = "<group>"; };
		B499907F26D27AB600B5338A /* DataMapper.swift */ = {isa = PBXFileReference; lastKnownFileType = sourcecode.swift; path = DataMapper.swift; sourceTree = "<group>"; };
		B499908526D2E4EA00B5338A /* DataFormatterService.swift */ = {isa = PBXFileReference; lastKnownFileType = sourcecode.swift; path = DataFormatterService.swift; sourceTree = "<group>"; };
		B4C27F2B26C1BF84005738F6 /* InformationModels.swift */ = {isa = PBXFileReference; lastKnownFileType = sourcecode.swift; path = InformationModels.swift; sourceTree = "<group>"; };
		B4CB879026C93A8D00F68893 /* TotalCasesView.swift */ = {isa = PBXFileReference; lastKnownFileType = sourcecode.swift; path = TotalCasesView.swift; sourceTree = "<group>"; };
		B4CB879226C96BC300F68893 /* CommandButtonView.swift */ = {isa = PBXFileReference; lastKnownFileType = sourcecode.swift; path = CommandButtonView.swift; sourceTree = "<group>"; };
		BDF675DD1DDBBA9F6055C9F9 /* Pods_Statistics_Covid_19Tests.framework */ = {isa = PBXFileReference; explicitFileType = wrapper.framework; includeInIndex = 0; path = Pods_Statistics_Covid_19Tests.framework; sourceTree = BUILT_PRODUCTS_DIR; };
		D417A5FBDD5E225DC6F8C8D1 /* Pods-Statistics Covid-19-Statistics Covid-19UITests.debug.xcconfig */ = {isa = PBXFileReference; includeInIndex = 1; lastKnownFileType = text.xcconfig; name = "Pods-Statistics Covid-19-Statistics Covid-19UITests.debug.xcconfig"; path = "Target Support Files/Pods-Statistics Covid-19-Statistics Covid-19UITests/Pods-Statistics Covid-19-Statistics Covid-19UITests.debug.xcconfig"; sourceTree = "<group>"; };
		F252A9D5A2E7D73E7C7F29E6 /* Pods-Statistics Covid-19Tests.release.xcconfig */ = {isa = PBXFileReference; includeInIndex = 1; lastKnownFileType = text.xcconfig; name = "Pods-Statistics Covid-19Tests.release.xcconfig"; path = "Target Support Files/Pods-Statistics Covid-19Tests/Pods-Statistics Covid-19Tests.release.xcconfig"; sourceTree = "<group>"; };
/* End PBXFileReference section */

/* Begin PBXFrameworksBuildPhase section */
		B42BD68226BFDF02007969B7 /* Frameworks */ = {
			isa = PBXFrameworksBuildPhase;
			buildActionMask = 2147483647;
			files = (
				DC66CB7358C1622E1D193735 /* Pods_Statistics_Covid_19.framework in Frameworks */,
			);
			runOnlyForDeploymentPostprocessing = 0;
		};
		B42BD69B26BFDF04007969B7 /* Frameworks */ = {
			isa = PBXFrameworksBuildPhase;
			buildActionMask = 2147483647;
			files = (
				9FB770F3196CB3D3D38CCE62 /* Pods_Statistics_Covid_19Tests.framework in Frameworks */,
			);
			runOnlyForDeploymentPostprocessing = 0;
		};
		B42BD6A626BFDF04007969B7 /* Frameworks */ = {
			isa = PBXFrameworksBuildPhase;
			buildActionMask = 2147483647;
			files = (
				8789E8062B14FDBD4704657B /* Pods_Statistics_Covid_19_Statistics_Covid_19UITests.framework in Frameworks */,
			);
			runOnlyForDeploymentPostprocessing = 0;
		};
/* End PBXFrameworksBuildPhase section */

/* Begin PBXGroup section */
		116C616E0CA132B8E5273AE0 /* Pods */ = {
			isa = PBXGroup;
			children = (
				01A7989304E061DC2F1B874C /* Pods-Statistics Covid-19.debug.xcconfig */,
				63C22A56BAD366C04D81BC24 /* Pods-Statistics Covid-19.release.xcconfig */,
				D417A5FBDD5E225DC6F8C8D1 /* Pods-Statistics Covid-19-Statistics Covid-19UITests.debug.xcconfig */,
				36EB1E1076FB3DF5050414C1 /* Pods-Statistics Covid-19-Statistics Covid-19UITests.release.xcconfig */,
				6520FE64E30B0C20B98F5752 /* Pods-Statistics Covid-19Tests.debug.xcconfig */,
				F252A9D5A2E7D73E7C7F29E6 /* Pods-Statistics Covid-19Tests.release.xcconfig */,
			);
			path = Pods;
			sourceTree = "<group>";
		};
		8AA2A2B21B6E1A9AF6492A19 /* Frameworks */ = {
			isa = PBXGroup;
			children = (
				03C120E39902EA31894F438E /* Pods_Statistics_Covid_19.framework */,
				086E7A33C23ED5210F16B70A /* Pods_Statistics_Covid_19_Statistics_Covid_19UITests.framework */,
				BDF675DD1DDBBA9F6055C9F9 /* Pods_Statistics_Covid_19Tests.framework */,
			);
			name = Frameworks;
			sourceTree = "<group>";
		};
		B40CC1FD26CFF52000247152 /* Networking */ = {
			isa = PBXGroup;
			children = (
				B40CC1FB26CFF51B00247152 /* NetworkingService.swift */,
				B40CC20526D01E6800247152 /* NetworkingServiceModels.swift */,
			);
			path = Networking;
			sourceTree = "<group>";
		};
		B40CC20026CFFFDF00247152 /* Networking */ = {
			isa = PBXGroup;
			children = (
				B40CC1FE26CFFF1400247152 /* RequestsFactory.swift */,
				B40CC20126D0067300247152 /* RequestSender.swift */,
				B40CC20326D00CE800247152 /* Parsers.swift */,
			);
			path = Networking;
			sourceTree = "<group>";
		};
		B40CC20926D0434600247152 /* User defaults */ = {
			isa = PBXGroup;
			children = (
				B40CC20A26D0437A00247152 /* UserDefaultsService.swift */,
			);
			path = "User defaults";
			sourceTree = "<group>";
		};
		B423F3EE26C84A600054C163 /* Model */ = {
			isa = PBXGroup;
			children = (
				B423F3F126C84A9F0054C163 /* StatisticsModel.swift */,
			);
			path = Model;
			sourceTree = "<group>";
		};
		B42BD67C26BFDF02007969B7 = {
			isa = PBXGroup;
			children = (
				B42BD68726BFDF02007969B7 /* Statistics Covid-19 */,
				B42BD6A126BFDF04007969B7 /* Statistics Covid-19Tests */,
				B42BD6AC26BFDF04007969B7 /* Statistics Covid-19UITests */,
				B42BD68626BFDF02007969B7 /* Products */,
				116C616E0CA132B8E5273AE0 /* Pods */,
				8AA2A2B21B6E1A9AF6492A19 /* Frameworks */,
			);
			sourceTree = "<group>";
		};
		B42BD68626BFDF02007969B7 /* Products */ = {
			isa = PBXGroup;
			children = (
				B42BD68526BFDF02007969B7 /* Statistics Covid-19.app */,
				B42BD69E26BFDF04007969B7 /* Statistics Covid-19Tests.xctest */,
				B42BD6A926BFDF04007969B7 /* Statistics Covid-19UITests.xctest */,
			);
			name = Products;
			sourceTree = "<group>";
		};
		B42BD68726BFDF02007969B7 /* Statistics Covid-19 */ = {
			isa = PBXGroup;
			children = (
				B42BD6BB26BFE3D7007969B7 /* Application layer */,
				B42BD6BD26BFE4BC007969B7 /* Presentation layer */,
				B42BD6BF26BFF531007969B7 /* Service layer */,
				B42BD6C426BFFFBC007969B7 /* Core layer */,
			);
			path = "Statistics Covid-19";
			sourceTree = "<group>";
		};
		B42BD6A126BFDF04007969B7 /* Statistics Covid-19Tests */ = {
			isa = PBXGroup;
			children = (
				B42BD6A226BFDF04007969B7 /* Statistics_Covid_19Tests.swift */,
				B42BD6A426BFDF04007969B7 /* Info.plist */,
			);
			path = "Statistics Covid-19Tests";
			sourceTree = "<group>";
		};
		B42BD6AC26BFDF04007969B7 /* Statistics Covid-19UITests */ = {
			isa = PBXGroup;
			children = (
				B42BD6AD26BFDF04007969B7 /* Statistics_Covid_19UITests.swift */,
				B42BD6AF26BFDF04007969B7 /* Info.plist */,
			);
			path = "Statistics Covid-19UITests";
			sourceTree = "<group>";
		};
		B42BD6BB26BFE3D7007969B7 /* Application layer */ = {
			isa = PBXGroup;
			children = (
				B42BD68826BFDF02007969B7 /* AppDelegate.swift */,
				B42BD68A26BFDF02007969B7 /* SceneDelegate.swift */,
				B42BD69626BFDF03007969B7 /* LaunchScreen.storyboard */,
				B42BD6BC26BFE455007969B7 /* Supporting files */,
			);
			path = "Application layer";
			sourceTree = "<group>";
		};
		B42BD6BC26BFE455007969B7 /* Supporting files */ = {
			isa = PBXGroup;
			children = (
				B42BD69426BFDF03007969B7 /* Assets.xcassets */,
				B42BD69926BFDF03007969B7 /* Info.plist */,
			);
			path = "Supporting files";
			sourceTree = "<group>";
		};
		B42BD6BD26BFE4BC007969B7 /* Presentation layer */ = {
			isa = PBXGroup;
			children = (
				B42BD6CE26C012EE007969B7 /* Statistics */,
				B42BD6CD26C012D5007969B7 /* Information */,
				B451BBD326D13900008A3791 /* Country list */,
			);
			path = "Presentation layer";
			sourceTree = "<group>";
		};
		B42BD6BF26BFF531007969B7 /* Service layer */ = {
			isa = PBXGroup;
			children = (
				B447911A26DBF62900A8CEA6 /* Snapshots */,
				B42BD6C726C00443007969B7 /* Builders */,
				B42BD6C826C0044E007969B7 /* Routers */,
				B40CC1FD26CFF52000247152 /* Networking */,
				B48831EB26DA6A4300A8017B /* Core data */,
				B40CC20926D0434600247152 /* User defaults */,
				B499907E26D27A6900B5338A /* Data mappers */,
				B499908226D2E40000B5338A /* Data formatters */,
			);
			path = "Service layer";
			sourceTree = "<group>";
		};
		B42BD6C426BFFFBC007969B7 /* Core layer */ = {
			isa = PBXGroup;
			children = (
				B48831DC26DA652900A8017B /* Core data */,
				B499908126D2E3F100B5338A /* Constants */,
				B40CC20026CFFFDF00247152 /* Networking */,
			);
			path = "Core layer";
			sourceTree = "<group>";
		};
		B42BD6C726C00443007969B7 /* Builders */ = {
			isa = PBXGroup;
			children = (
				B42BD6C026BFF568007969B7 /* AssemblyBuilder.swift */,
			);
			path = Builders;
			sourceTree = "<group>";
		};
		B42BD6C826C0044E007969B7 /* Routers */ = {
			isa = PBXGroup;
			children = (
				B42BD6C926C00478007969B7 /* MainRouter.swift */,
			);
			path = Routers;
			sourceTree = "<group>";
		};
		B42BD6CD26C012D5007969B7 /* Information */ = {
			isa = PBXGroup;
			children = (
				B498B4F126C46FF4003409B7 /* Model */,
				B498B4EF26C46FE5003409B7 /* View */,
				B498B4F026C46FEB003409B7 /* Controller */,
			);
			path = Information;
			sourceTree = "<group>";
		};
		B42BD6CE26C012EE007969B7 /* Statistics */ = {
			isa = PBXGroup;
			children = (
				B423F3EE26C84A600054C163 /* Model */,
				B461A93826C999E500231FD7 /* View */,
				B461A93926C999EE00231FD7 /* Controller */,
			);
			path = Statistics;
			sourceTree = "<group>";
		};
		B447911A26DBF62900A8CEA6 /* Snapshots */ = {
			isa = PBXGroup;
			children = (
				B447911826DBCFCB00A8CEA6 /* ImageActivityItemSource.swift */,
			);
			path = Snapshots;
			sourceTree = "<group>";
		};
		B451BBD326D13900008A3791 /* Country list */ = {
			isa = PBXGroup;
			children = (
				B451BBDC26D18FF4008A3791 /* Model */,
				B451BBDB26D18FEF008A3791 /* View */,
				B451BBDA26D18FE2008A3791 /* Controller */,
			);
			path = "Country list";
			sourceTree = "<group>";
		};
		B451BBDA26D18FE2008A3791 /* Controller */ = {
			isa = PBXGroup;
			children = (
				B451BBD126D138FB008A3791 /* CountryListViewController.swift */,
			);
			path = Controller;
			sourceTree = "<group>";
		};
		B451BBDB26D18FEF008A3791 /* View */ = {
			isa = PBXGroup;
			children = (
				B451BBD426D139FB008A3791 /* CountryListView.swift */,
				B451BBDD26D19112008A3791 /* Subviews */,
			);
			path = View;
			sourceTree = "<group>";
		};
		B451BBDC26D18FF4008A3791 /* Model */ = {
			isa = PBXGroup;
			children = (
				B451BBD626D140D2008A3791 /* CountryListModel.swift */,
			);
			path = Model;
			sourceTree = "<group>";
		};
		B451BBDD26D19112008A3791 /* Subviews */ = {
			isa = PBXGroup;
			children = (
				B451BBD826D161AB008A3791 /* CountryListTableViewCell.swift */,
			);
			path = Subviews;
			sourceTree = "<group>";
		};
		B461A93826C999E500231FD7 /* View */ = {
			isa = PBXGroup;
			children = (
				B423F3EA26C835860054C163 /* StatisticsView.swift */,
				B461A93A26C999FF00231FD7 /* Subviews */,
			);
			path = View;
			sourceTree = "<group>";
		};
		B461A93926C999EE00231FD7 /* Controller */ = {
			isa = PBXGroup;
			children = (
				B42BD6C226BFF6E5007969B7 /* StatisticsViewController.swift */,
			);
			path = Controller;
			sourceTree = "<group>";
		};
		B461A93A26C999FF00231FD7 /* Subviews */ = {
			isa = PBXGroup;
			children = (
				B423F3EC26C849E30054C163 /* CountryView.swift */,
				B423F3F326C864CC0054C163 /* NewCasesView.swift */,
				B4CB879026C93A8D00F68893 /* TotalCasesView.swift */,
				B4CB879226C96BC300F68893 /* CommandButtonView.swift */,
				B483502326DFF0EE006772B4 /* StatisticsGraphView.swift */,
			);
			path = Subviews;
			sourceTree = "<group>";
		};
		B461A93B26C99A5200231FD7 /* Subviews */ = {
			isa = PBXGroup;
			children = (
				B498B4ED26C46FBF003409B7 /* RecommendationView.swift */,
				B42BD6D126C02BB8007969B7 /* InformationCollectionViewCell.swift */,
			);
			path = Subviews;
			sourceTree = "<group>";
		};
		B48831DC26DA652900A8017B /* Core data */ = {
			isa = PBXGroup;
			children = (
				B48831E926DA66CE00A8017B /* CoreDataStack.swift */,
				B48831E826DA668200A8017B /* Data models */,
			);
			path = "Core data";
			sourceTree = "<group>";
		};
		B48831E826DA668200A8017B /* Data models */ = {
			isa = PBXGroup;
			children = (
				B4096D4826DA8494008FCF70 /* DBCountry+CoreDataClass.swift */,
				B4096D4926DA8494008FCF70 /* DBCountry+CoreDataProperties.swift */,
				B4096D4A26DA8494008FCF70 /* DBStatistics+CoreDataClass.swift */,
				B4096D4B26DA8494008FCF70 /* DBStatistics+CoreDataProperties.swift */,
				B48831DD26DA657D00A8017B /* StatisticsCovid.xcdatamodeld */,
			);
			path = "Data models";
			sourceTree = "<group>";
		};
		B48831EB26DA6A4300A8017B /* Core data */ = {
			isa = PBXGroup;
			children = (
				B48831EC26DA6A7B00A8017B /* CoreDataService.swift */,
			);
			path = "Core data";
			sourceTree = "<group>";
		};
		B498B4EF26C46FE5003409B7 /* View */ = {
			isa = PBXGroup;
			children = (
				B42BD6CF26C013DF007969B7 /* InformationView.swift */,
				B461A93B26C99A5200231FD7 /* Subviews */,
			);
			path = View;
			sourceTree = "<group>";
		};
		B498B4F026C46FEB003409B7 /* Controller */ = {
			isa = PBXGroup;
			children = (
				B42BD6CB26C0091A007969B7 /* InformationViewController.swift */,
			);
			path = Controller;
			sourceTree = "<group>";
		};
		B498B4F126C46FF4003409B7 /* Model */ = {
			isa = PBXGroup;
			children = (
				B4C27F2B26C1BF84005738F6 /* InformationModels.swift */,
			);
			path = Model;
			sourceTree = "<group>";
		};
		B499907E26D27A6900B5338A /* Data mappers */ = {
			isa = PBXGroup;
			children = (
				B499907F26D27AB600B5338A /* DataMapper.swift */,
			);
			path = "Data mappers";
			sourceTree = "<group>";
		};
		B499908126D2E3F100B5338A /* Constants */ = {
			isa = PBXGroup;
			children = (
				B42BD6C526C00021007969B7 /* Constants.swift */,
			);
			path = Constants;
			sourceTree = "<group>";
		};
		B499908226D2E40000B5338A /* Data formatters */ = {
			isa = PBXGroup;
			children = (
				B499908526D2E4EA00B5338A /* DataFormatterService.swift */,
			);
			path = "Data formatters";
			sourceTree = "<group>";
		};
/* End PBXGroup section */

/* Begin PBXNativeTarget section */
		B42BD68426BFDF02007969B7 /* Statistics Covid-19 */ = {
			isa = PBXNativeTarget;
			buildConfigurationList = B42BD6B226BFDF04007969B7 /* Build configuration list for PBXNativeTarget "Statistics Covid-19" */;
			buildPhases = (
				9166FEB9679B029A96EC56A2 /* [CP] Check Pods Manifest.lock */,
				B42BD68126BFDF02007969B7 /* Sources */,
				B42BD68226BFDF02007969B7 /* Frameworks */,
				B42BD68326BFDF02007969B7 /* Resources */,
				B42BD6BE26BFEAF7007969B7 /* ShellScript */,
			);
			buildRules = (
			);
			dependencies = (
			);
			name = "Statistics Covid-19";
			productName = "Statistics Covid-19";
			productReference = B42BD68526BFDF02007969B7 /* Statistics Covid-19.app */;
			productType = "com.apple.product-type.application";
		};
		B42BD69D26BFDF04007969B7 /* Statistics Covid-19Tests */ = {
			isa = PBXNativeTarget;
			buildConfigurationList = B42BD6B526BFDF04007969B7 /* Build configuration list for PBXNativeTarget "Statistics Covid-19Tests" */;
			buildPhases = (
				498BAB24CE040E4091DFC7CB /* [CP] Check Pods Manifest.lock */,
				B42BD69A26BFDF04007969B7 /* Sources */,
				B42BD69B26BFDF04007969B7 /* Frameworks */,
				B42BD69C26BFDF04007969B7 /* Resources */,
			);
			buildRules = (
			);
			dependencies = (
				B42BD6A026BFDF04007969B7 /* PBXTargetDependency */,
			);
			name = "Statistics Covid-19Tests";
			productName = "Statistics Covid-19Tests";
			productReference = B42BD69E26BFDF04007969B7 /* Statistics Covid-19Tests.xctest */;
			productType = "com.apple.product-type.bundle.unit-test";
		};
		B42BD6A826BFDF04007969B7 /* Statistics Covid-19UITests */ = {
			isa = PBXNativeTarget;
			buildConfigurationList = B42BD6B826BFDF04007969B7 /* Build configuration list for PBXNativeTarget "Statistics Covid-19UITests" */;
			buildPhases = (
				705D0A7218D14DF67AB33A6D /* [CP] Check Pods Manifest.lock */,
				B42BD6A526BFDF04007969B7 /* Sources */,
				B42BD6A626BFDF04007969B7 /* Frameworks */,
				B42BD6A726BFDF04007969B7 /* Resources */,
			);
			buildRules = (
			);
			dependencies = (
				B42BD6AB26BFDF04007969B7 /* PBXTargetDependency */,
			);
			name = "Statistics Covid-19UITests";
			productName = "Statistics Covid-19UITests";
			productReference = B42BD6A926BFDF04007969B7 /* Statistics Covid-19UITests.xctest */;
			productType = "com.apple.product-type.bundle.ui-testing";
		};
/* End PBXNativeTarget section */

/* Begin PBXProject section */
		B42BD67D26BFDF02007969B7 /* Project object */ = {
			isa = PBXProject;
			attributes = {
				LastSwiftUpdateCheck = 1250;
				LastUpgradeCheck = 1250;
				TargetAttributes = {
					B42BD68426BFDF02007969B7 = {
						CreatedOnToolsVersion = 12.5.1;
					};
					B42BD69D26BFDF04007969B7 = {
						CreatedOnToolsVersion = 12.5.1;
						TestTargetID = B42BD68426BFDF02007969B7;
					};
					B42BD6A826BFDF04007969B7 = {
						CreatedOnToolsVersion = 12.5.1;
						TestTargetID = B42BD68426BFDF02007969B7;
					};
				};
			};
			buildConfigurationList = B42BD68026BFDF02007969B7 /* Build configuration list for PBXProject "Statistics Covid-19" */;
			compatibilityVersion = "Xcode 9.3";
			developmentRegion = en;
			hasScannedForEncodings = 0;
			knownRegions = (
				en,
				Base,
			);
			mainGroup = B42BD67C26BFDF02007969B7;
			productRefGroup = B42BD68626BFDF02007969B7 /* Products */;
			projectDirPath = "";
			projectRoot = "";
			targets = (
				B42BD68426BFDF02007969B7 /* Statistics Covid-19 */,
				B42BD69D26BFDF04007969B7 /* Statistics Covid-19Tests */,
				B42BD6A826BFDF04007969B7 /* Statistics Covid-19UITests */,
			);
		};
/* End PBXProject section */

/* Begin PBXResourcesBuildPhase section */
		B42BD68326BFDF02007969B7 /* Resources */ = {
			isa = PBXResourcesBuildPhase;
			buildActionMask = 2147483647;
			files = (
				B42BD69826BFDF03007969B7 /* LaunchScreen.storyboard in Resources */,
				B42BD69526BFDF03007969B7 /* Assets.xcassets in Resources */,
			);
			runOnlyForDeploymentPostprocessing = 0;
		};
		B42BD69C26BFDF04007969B7 /* Resources */ = {
			isa = PBXResourcesBuildPhase;
			buildActionMask = 2147483647;
			files = (
			);
			runOnlyForDeploymentPostprocessing = 0;
		};
		B42BD6A726BFDF04007969B7 /* Resources */ = {
			isa = PBXResourcesBuildPhase;
			buildActionMask = 2147483647;
			files = (
			);
			runOnlyForDeploymentPostprocessing = 0;
		};
/* End PBXResourcesBuildPhase section */

/* Begin PBXShellScriptBuildPhase section */
		498BAB24CE040E4091DFC7CB /* [CP] Check Pods Manifest.lock */ = {
			isa = PBXShellScriptBuildPhase;
			buildActionMask = 2147483647;
			files = (
			);
			inputFileListPaths = (
			);
			inputPaths = (
				"${PODS_PODFILE_DIR_PATH}/Podfile.lock",
				"${PODS_ROOT}/Manifest.lock",
			);
			name = "[CP] Check Pods Manifest.lock";
			outputFileListPaths = (
			);
			outputPaths = (
				"$(DERIVED_FILE_DIR)/Pods-Statistics Covid-19Tests-checkManifestLockResult.txt",
			);
			runOnlyForDeploymentPostprocessing = 0;
			shellPath = /bin/sh;
			shellScript = "diff \"${PODS_PODFILE_DIR_PATH}/Podfile.lock\" \"${PODS_ROOT}/Manifest.lock\" > /dev/null\nif [ $? != 0 ] ; then\n    # print error to STDERR\n    echo \"error: The sandbox is not in sync with the Podfile.lock. Run 'pod install' or update your CocoaPods installation.\" >&2\n    exit 1\nfi\n# This output is used by Xcode 'outputs' to avoid re-running this script phase.\necho \"SUCCESS\" > \"${SCRIPT_OUTPUT_FILE_0}\"\n";
			showEnvVarsInLog = 0;
		};
		705D0A7218D14DF67AB33A6D /* [CP] Check Pods Manifest.lock */ = {
			isa = PBXShellScriptBuildPhase;
			buildActionMask = 2147483647;
			files = (
			);
			inputFileListPaths = (
			);
			inputPaths = (
				"${PODS_PODFILE_DIR_PATH}/Podfile.lock",
				"${PODS_ROOT}/Manifest.lock",
			);
			name = "[CP] Check Pods Manifest.lock";
			outputFileListPaths = (
			);
			outputPaths = (
				"$(DERIVED_FILE_DIR)/Pods-Statistics Covid-19-Statistics Covid-19UITests-checkManifestLockResult.txt",
			);
			runOnlyForDeploymentPostprocessing = 0;
			shellPath = /bin/sh;
			shellScript = "diff \"${PODS_PODFILE_DIR_PATH}/Podfile.lock\" \"${PODS_ROOT}/Manifest.lock\" > /dev/null\nif [ $? != 0 ] ; then\n    # print error to STDERR\n    echo \"error: The sandbox is not in sync with the Podfile.lock. Run 'pod install' or update your CocoaPods installation.\" >&2\n    exit 1\nfi\n# This output is used by Xcode 'outputs' to avoid re-running this script phase.\necho \"SUCCESS\" > \"${SCRIPT_OUTPUT_FILE_0}\"\n";
			showEnvVarsInLog = 0;
		};
		9166FEB9679B029A96EC56A2 /* [CP] Check Pods Manifest.lock */ = {
			isa = PBXShellScriptBuildPhase;
			buildActionMask = 2147483647;
			files = (
			);
			inputFileListPaths = (
			);
			inputPaths = (
				"${PODS_PODFILE_DIR_PATH}/Podfile.lock",
				"${PODS_ROOT}/Manifest.lock",
			);
			name = "[CP] Check Pods Manifest.lock";
			outputFileListPaths = (
			);
			outputPaths = (
				"$(DERIVED_FILE_DIR)/Pods-Statistics Covid-19-checkManifestLockResult.txt",
			);
			runOnlyForDeploymentPostprocessing = 0;
			shellPath = /bin/sh;
			shellScript = "diff \"${PODS_PODFILE_DIR_PATH}/Podfile.lock\" \"${PODS_ROOT}/Manifest.lock\" > /dev/null\nif [ $? != 0 ] ; then\n    # print error to STDERR\n    echo \"error: The sandbox is not in sync with the Podfile.lock. Run 'pod install' or update your CocoaPods installation.\" >&2\n    exit 1\nfi\n# This output is used by Xcode 'outputs' to avoid re-running this script phase.\necho \"SUCCESS\" > \"${SCRIPT_OUTPUT_FILE_0}\"\n";
			showEnvVarsInLog = 0;
		};
		B42BD6BE26BFEAF7007969B7 /* ShellScript */ = {
			isa = PBXShellScriptBuildPhase;
			buildActionMask = 2147483647;
			files = (
			);
			inputFileListPaths = (
			);
			inputPaths = (
			);
			outputFileListPaths = (
			);
			outputPaths = (
			);
			runOnlyForDeploymentPostprocessing = 0;
			shellPath = /bin/sh;
			shellScript = "${PODS_ROOT}/SwiftLint/swiftlint\n";
		};
/* End PBXShellScriptBuildPhase section */

/* Begin PBXSourcesBuildPhase section */
		B42BD68126BFDF02007969B7 /* Sources */ = {
			isa = PBXSourcesBuildPhase;
			buildActionMask = 2147483647;
			files = (
				B48831EA26DA66CE00A8017B /* CoreDataStack.swift in Sources */,
				B498B4EE26C46FBF003409B7 /* RecommendationView.swift in Sources */,
				B483502426DFF0EE006772B4 /* StatisticsGraphView.swift in Sources */,
				B423F3F426C864CC0054C163 /* NewCasesView.swift in Sources */,
				B451BBD526D139FB008A3791 /* CountryListView.swift in Sources */,
				B4096D4F26DA8494008FCF70 /* DBStatistics+CoreDataProperties.swift in Sources */,
				B40CC20426D00CE800247152 /* Parsers.swift in Sources */,
				B40CC20226D0067300247152 /* RequestSender.swift in Sources */,
				B451BBD726D140D2008A3791 /* CountryListModel.swift in Sources */,
				B48831ED26DA6A7B00A8017B /* CoreDataService.swift in Sources */,
				B42BD6CA26C00478007969B7 /* MainRouter.swift in Sources */,
				B40CC20626D01E6900247152 /* NetworkingServiceModels.swift in Sources */,
				B4096D4E26DA8494008FCF70 /* DBStatistics+CoreDataClass.swift in Sources */,
				B4CB879326C96BC300F68893 /* CommandButtonView.swift in Sources */,
				B499908026D27AB600B5338A /* DataMapper.swift in Sources */,
				B42BD6C126BFF568007969B7 /* AssemblyBuilder.swift in Sources */,
				B42BD6D226C02BB8007969B7 /* InformationCollectionViewCell.swift in Sources */,
				B451BBD226D138FB008A3791 /* CountryListViewController.swift in Sources */,
				B423F3ED26C849E30054C163 /* CountryView.swift in Sources */,
				B423F3EB26C835860054C163 /* StatisticsView.swift in Sources */,
				B40CC20B26D0437A00247152 /* UserDefaultsService.swift in Sources */,
				B48831DF26DA657D00A8017B /* StatisticsCovid.xcdatamodeld in Sources */,
				B4C27F2C26C1BF84005738F6 /* InformationModels.swift in Sources */,
				B423F3F226C84A9F0054C163 /* StatisticsModel.swift in Sources */,
				B42BD6C626C00021007969B7 /* Constants.swift in Sources */,
				B4096D4C26DA8494008FCF70 /* DBCountry+CoreDataClass.swift in Sources */,
				B451BBD926D161AB008A3791 /* CountryListTableViewCell.swift in Sources */,
				B4096D4D26DA8494008FCF70 /* DBCountry+CoreDataProperties.swift in Sources */,
				B42BD6C326BFF6E5007969B7 /* StatisticsViewController.swift in Sources */,
				B447911926DBCFCB00A8CEA6 /* ImageActivityItemSource.swift in Sources */,
				B42BD68926BFDF02007969B7 /* AppDelegate.swift in Sources */,
				B42BD6D026C013DF007969B7 /* InformationView.swift in Sources */,
				B40CC1FC26CFF51B00247152 /* NetworkingService.swift in Sources */,
				B40CC1FF26CFFF1400247152 /* RequestsFactory.swift in Sources */,
				B42BD68B26BFDF02007969B7 /* SceneDelegate.swift in Sources */,
				B4CB879126C93A8D00F68893 /* TotalCasesView.swift in Sources */,
				B499908626D2E4EA00B5338A /* DataFormatterService.swift in Sources */,
				B42BD6CC26C0091A007969B7 /* InformationViewController.swift in Sources */,
			);
			runOnlyForDeploymentPostprocessing = 0;
		};
		B42BD69A26BFDF04007969B7 /* Sources */ = {
			isa = PBXSourcesBuildPhase;
			buildActionMask = 2147483647;
			files = (
				B42BD6A326BFDF04007969B7 /* Statistics_Covid_19Tests.swift in Sources */,
			);
			runOnlyForDeploymentPostprocessing = 0;
		};
		B42BD6A526BFDF04007969B7 /* Sources */ = {
			isa = PBXSourcesBuildPhase;
			buildActionMask = 2147483647;
			files = (
				B42BD6AE26BFDF04007969B7 /* Statistics_Covid_19UITests.swift in Sources */,
			);
			runOnlyForDeploymentPostprocessing = 0;
		};
/* End PBXSourcesBuildPhase section */

/* Begin PBXTargetDependency section */
		B42BD6A026BFDF04007969B7 /* PBXTargetDependency */ = {
			isa = PBXTargetDependency;
			target = B42BD68426BFDF02007969B7 /* Statistics Covid-19 */;
			targetProxy = B42BD69F26BFDF04007969B7 /* PBXContainerItemProxy */;
		};
		B42BD6AB26BFDF04007969B7 /* PBXTargetDependency */ = {
			isa = PBXTargetDependency;
			target = B42BD68426BFDF02007969B7 /* Statistics Covid-19 */;
			targetProxy = B42BD6AA26BFDF04007969B7 /* PBXContainerItemProxy */;
		};
/* End PBXTargetDependency section */

/* Begin PBXVariantGroup section */
		B42BD69626BFDF03007969B7 /* LaunchScreen.storyboard */ = {
			isa = PBXVariantGroup;
			children = (
				B42BD69726BFDF03007969B7 /* Base */,
			);
			name = LaunchScreen.storyboard;
			sourceTree = "<group>";
		};
/* End PBXVariantGroup section */

/* Begin XCBuildConfiguration section */
		B42BD6B026BFDF04007969B7 /* Debug */ = {
			isa = XCBuildConfiguration;
			buildSettings = {
				ALWAYS_SEARCH_USER_PATHS = NO;
				CLANG_ANALYZER_NONNULL = YES;
				CLANG_ANALYZER_NUMBER_OBJECT_CONVERSION = YES_AGGRESSIVE;
				CLANG_CXX_LANGUAGE_STANDARD = "gnu++14";
				CLANG_CXX_LIBRARY = "libc++";
				CLANG_ENABLE_MODULES = YES;
				CLANG_ENABLE_OBJC_ARC = YES;
				CLANG_ENABLE_OBJC_WEAK = YES;
				CLANG_WARN_BLOCK_CAPTURE_AUTORELEASING = YES;
				CLANG_WARN_BOOL_CONVERSION = YES;
				CLANG_WARN_COMMA = YES;
				CLANG_WARN_CONSTANT_CONVERSION = YES;
				CLANG_WARN_DEPRECATED_OBJC_IMPLEMENTATIONS = YES;
				CLANG_WARN_DIRECT_OBJC_ISA_USAGE = YES_ERROR;
				CLANG_WARN_DOCUMENTATION_COMMENTS = YES;
				CLANG_WARN_EMPTY_BODY = YES;
				CLANG_WARN_ENUM_CONVERSION = YES;
				CLANG_WARN_INFINITE_RECURSION = YES;
				CLANG_WARN_INT_CONVERSION = YES;
				CLANG_WARN_NON_LITERAL_NULL_CONVERSION = YES;
				CLANG_WARN_OBJC_IMPLICIT_RETAIN_SELF = YES;
				CLANG_WARN_OBJC_LITERAL_CONVERSION = YES;
				CLANG_WARN_OBJC_ROOT_CLASS = YES_ERROR;
				CLANG_WARN_QUOTED_INCLUDE_IN_FRAMEWORK_HEADER = YES;
				CLANG_WARN_RANGE_LOOP_ANALYSIS = YES;
				CLANG_WARN_STRICT_PROTOTYPES = YES;
				CLANG_WARN_SUSPICIOUS_MOVE = YES;
				CLANG_WARN_UNGUARDED_AVAILABILITY = YES_AGGRESSIVE;
				CLANG_WARN_UNREACHABLE_CODE = YES;
				CLANG_WARN__DUPLICATE_METHOD_MATCH = YES;
				COPY_PHASE_STRIP = NO;
				DEBUG_INFORMATION_FORMAT = dwarf;
				ENABLE_STRICT_OBJC_MSGSEND = YES;
				ENABLE_TESTABILITY = YES;
				GCC_C_LANGUAGE_STANDARD = gnu11;
				GCC_DYNAMIC_NO_PIC = NO;
				GCC_NO_COMMON_BLOCKS = YES;
				GCC_OPTIMIZATION_LEVEL = 0;
				GCC_PREPROCESSOR_DEFINITIONS = (
					"DEBUG=1",
					"$(inherited)",
				);
				GCC_WARN_64_TO_32_BIT_CONVERSION = YES;
				GCC_WARN_ABOUT_RETURN_TYPE = YES_ERROR;
				GCC_WARN_UNDECLARED_SELECTOR = YES;
				GCC_WARN_UNINITIALIZED_AUTOS = YES_AGGRESSIVE;
				GCC_WARN_UNUSED_FUNCTION = YES;
				GCC_WARN_UNUSED_VARIABLE = YES;
				IPHONEOS_DEPLOYMENT_TARGET = 13.0;
				MTL_ENABLE_DEBUG_INFO = INCLUDE_SOURCE;
				MTL_FAST_MATH = YES;
				ONLY_ACTIVE_ARCH = YES;
				SDKROOT = iphoneos;
				SWIFT_ACTIVE_COMPILATION_CONDITIONS = DEBUG;
				SWIFT_OPTIMIZATION_LEVEL = "-Onone";
			};
			name = Debug;
		};
		B42BD6B126BFDF04007969B7 /* Release */ = {
			isa = XCBuildConfiguration;
			buildSettings = {
				ALWAYS_SEARCH_USER_PATHS = NO;
				CLANG_ANALYZER_NONNULL = YES;
				CLANG_ANALYZER_NUMBER_OBJECT_CONVERSION = YES_AGGRESSIVE;
				CLANG_CXX_LANGUAGE_STANDARD = "gnu++14";
				CLANG_CXX_LIBRARY = "libc++";
				CLANG_ENABLE_MODULES = YES;
				CLANG_ENABLE_OBJC_ARC = YES;
				CLANG_ENABLE_OBJC_WEAK = YES;
				CLANG_WARN_BLOCK_CAPTURE_AUTORELEASING = YES;
				CLANG_WARN_BOOL_CONVERSION = YES;
				CLANG_WARN_COMMA = YES;
				CLANG_WARN_CONSTANT_CONVERSION = YES;
				CLANG_WARN_DEPRECATED_OBJC_IMPLEMENTATIONS = YES;
				CLANG_WARN_DIRECT_OBJC_ISA_USAGE = YES_ERROR;
				CLANG_WARN_DOCUMENTATION_COMMENTS = YES;
				CLANG_WARN_EMPTY_BODY = YES;
				CLANG_WARN_ENUM_CONVERSION = YES;
				CLANG_WARN_INFINITE_RECURSION = YES;
				CLANG_WARN_INT_CONVERSION = YES;
				CLANG_WARN_NON_LITERAL_NULL_CONVERSION = YES;
				CLANG_WARN_OBJC_IMPLICIT_RETAIN_SELF = YES;
				CLANG_WARN_OBJC_LITERAL_CONVERSION = YES;
				CLANG_WARN_OBJC_ROOT_CLASS = YES_ERROR;
				CLANG_WARN_QUOTED_INCLUDE_IN_FRAMEWORK_HEADER = YES;
				CLANG_WARN_RANGE_LOOP_ANALYSIS = YES;
				CLANG_WARN_STRICT_PROTOTYPES = YES;
				CLANG_WARN_SUSPICIOUS_MOVE = YES;
				CLANG_WARN_UNGUARDED_AVAILABILITY = YES_AGGRESSIVE;
				CLANG_WARN_UNREACHABLE_CODE = YES;
				CLANG_WARN__DUPLICATE_METHOD_MATCH = YES;
				COPY_PHASE_STRIP = NO;
				DEBUG_INFORMATION_FORMAT = "dwarf-with-dsym";
				ENABLE_NS_ASSERTIONS = NO;
				ENABLE_STRICT_OBJC_MSGSEND = YES;
				GCC_C_LANGUAGE_STANDARD = gnu11;
				GCC_NO_COMMON_BLOCKS = YES;
				GCC_WARN_64_TO_32_BIT_CONVERSION = YES;
				GCC_WARN_ABOUT_RETURN_TYPE = YES_ERROR;
				GCC_WARN_UNDECLARED_SELECTOR = YES;
				GCC_WARN_UNINITIALIZED_AUTOS = YES_AGGRESSIVE;
				GCC_WARN_UNUSED_FUNCTION = YES;
				GCC_WARN_UNUSED_VARIABLE = YES;
				IPHONEOS_DEPLOYMENT_TARGET = 13.0;
				MTL_ENABLE_DEBUG_INFO = NO;
				MTL_FAST_MATH = YES;
				SDKROOT = iphoneos;
				SWIFT_COMPILATION_MODE = wholemodule;
				SWIFT_OPTIMIZATION_LEVEL = "-O";
				VALIDATE_PRODUCT = YES;
			};
			name = Release;
		};
		B42BD6B326BFDF04007969B7 /* Debug */ = {
			isa = XCBuildConfiguration;
			baseConfigurationReference = 01A7989304E061DC2F1B874C /* Pods-Statistics Covid-19.debug.xcconfig */;
			buildSettings = {
				ASSETCATALOG_COMPILER_APPICON_NAME = AppIcon;
				ASSETCATALOG_COMPILER_GLOBAL_ACCENT_COLOR_NAME = AccentColor;
				CODE_SIGN_STYLE = Automatic;
				DEVELOPMENT_TEAM = AAQMZ25LDY;
				INFOPLIST_FILE = "Statistics Covid-19/Application layer/Supporting files/Info.plist";
				IPHONEOS_DEPLOYMENT_TARGET = 13.0;
				LD_RUNPATH_SEARCH_PATHS = (
					"$(inherited)",
					"@executable_path/Frameworks",
				);
				PRODUCT_BUNDLE_IDENTIFIER = "com.SergeiFlorya.Statistics-Covid-19";
				PRODUCT_NAME = "$(TARGET_NAME)";
				SWIFT_VERSION = 5.0;
				TARGETED_DEVICE_FAMILY = 1;
			};
			name = Debug;
		};
		B42BD6B426BFDF04007969B7 /* Release */ = {
			isa = XCBuildConfiguration;
			baseConfigurationReference = 63C22A56BAD366C04D81BC24 /* Pods-Statistics Covid-19.release.xcconfig */;
			buildSettings = {
				ASSETCATALOG_COMPILER_APPICON_NAME = AppIcon;
				ASSETCATALOG_COMPILER_GLOBAL_ACCENT_COLOR_NAME = AccentColor;
				CODE_SIGN_STYLE = Automatic;
				DEVELOPMENT_TEAM = AAQMZ25LDY;
				INFOPLIST_FILE = "Statistics Covid-19/Application layer/Supporting files/Info.plist";
				IPHONEOS_DEPLOYMENT_TARGET = 13.0;
				LD_RUNPATH_SEARCH_PATHS = (
					"$(inherited)",
					"@executable_path/Frameworks",
				);
				PRODUCT_BUNDLE_IDENTIFIER = "com.SergeiFlorya.Statistics-Covid-19";
				PRODUCT_NAME = "$(TARGET_NAME)";
				SWIFT_VERSION = 5.0;
				TARGETED_DEVICE_FAMILY = 1;
			};
			name = Release;
		};
		B42BD6B626BFDF04007969B7 /* Debug */ = {
			isa = XCBuildConfiguration;
			baseConfigurationReference = 6520FE64E30B0C20B98F5752 /* Pods-Statistics Covid-19Tests.debug.xcconfig */;
			buildSettings = {
				ALWAYS_EMBED_SWIFT_STANDARD_LIBRARIES = YES;
				BUNDLE_LOADER = "$(TEST_HOST)";
				CODE_SIGN_STYLE = Automatic;
				DEVELOPMENT_TEAM = AAQMZ25LDY;
				INFOPLIST_FILE = "Statistics Covid-19Tests/Info.plist";
				IPHONEOS_DEPLOYMENT_TARGET = 14.5;
				LD_RUNPATH_SEARCH_PATHS = (
					"$(inherited)",
					"@executable_path/Frameworks",
					"@loader_path/Frameworks",
				);
				PRODUCT_BUNDLE_IDENTIFIER = "com.SergeiFlorya.Statistics-Covid-19Tests";
				PRODUCT_NAME = "$(TARGET_NAME)";
				SWIFT_VERSION = 5.0;
				TARGETED_DEVICE_FAMILY = "1,2";
				TEST_HOST = "$(BUILT_PRODUCTS_DIR)/Statistics Covid-19.app/Statistics Covid-19";
			};
			name = Debug;
		};
		B42BD6B726BFDF04007969B7 /* Release */ = {
			isa = XCBuildConfiguration;
			baseConfigurationReference = F252A9D5A2E7D73E7C7F29E6 /* Pods-Statistics Covid-19Tests.release.xcconfig */;
			buildSettings = {
				ALWAYS_EMBED_SWIFT_STANDARD_LIBRARIES = YES;
				BUNDLE_LOADER = "$(TEST_HOST)";
				CODE_SIGN_STYLE = Automatic;
				DEVELOPMENT_TEAM = AAQMZ25LDY;
				INFOPLIST_FILE = "Statistics Covid-19Tests/Info.plist";
				IPHONEOS_DEPLOYMENT_TARGET = 14.5;
				LD_RUNPATH_SEARCH_PATHS = (
					"$(inherited)",
					"@executable_path/Frameworks",
					"@loader_path/Frameworks",
				);
				PRODUCT_BUNDLE_IDENTIFIER = "com.SergeiFlorya.Statistics-Covid-19Tests";
				PRODUCT_NAME = "$(TARGET_NAME)";
				SWIFT_VERSION = 5.0;
				TARGETED_DEVICE_FAMILY = "1,2";
				TEST_HOST = "$(BUILT_PRODUCTS_DIR)/Statistics Covid-19.app/Statistics Covid-19";
			};
			name = Release;
		};
		B42BD6B926BFDF04007969B7 /* Debug */ = {
			isa = XCBuildConfiguration;
			baseConfigurationReference = D417A5FBDD5E225DC6F8C8D1 /* Pods-Statistics Covid-19-Statistics Covid-19UITests.debug.xcconfig */;
			buildSettings = {
				ALWAYS_EMBED_SWIFT_STANDARD_LIBRARIES = YES;
				CODE_SIGN_STYLE = Automatic;
				DEVELOPMENT_TEAM = AAQMZ25LDY;
				INFOPLIST_FILE = "Statistics Covid-19UITests/Info.plist";
				LD_RUNPATH_SEARCH_PATHS = (
					"$(inherited)",
					"@executable_path/Frameworks",
					"@loader_path/Frameworks",
				);
				PRODUCT_BUNDLE_IDENTIFIER = "com.SergeiFlorya.Statistics-Covid-19UITests";
				PRODUCT_NAME = "$(TARGET_NAME)";
				SWIFT_VERSION = 5.0;
				TARGETED_DEVICE_FAMILY = "1,2";
				TEST_TARGET_NAME = "Statistics Covid-19";
			};
			name = Debug;
		};
		B42BD6BA26BFDF04007969B7 /* Release */ = {
			isa = XCBuildConfiguration;
			baseConfigurationReference = 36EB1E1076FB3DF5050414C1 /* Pods-Statistics Covid-19-Statistics Covid-19UITests.release.xcconfig */;
			buildSettings = {
				ALWAYS_EMBED_SWIFT_STANDARD_LIBRARIES = YES;
				CODE_SIGN_STYLE = Automatic;
				DEVELOPMENT_TEAM = AAQMZ25LDY;
				INFOPLIST_FILE = "Statistics Covid-19UITests/Info.plist";
				LD_RUNPATH_SEARCH_PATHS = (
					"$(inherited)",
					"@executable_path/Frameworks",
					"@loader_path/Frameworks",
				);
				PRODUCT_BUNDLE_IDENTIFIER = "com.SergeiFlorya.Statistics-Covid-19UITests";
				PRODUCT_NAME = "$(TARGET_NAME)";
				SWIFT_VERSION = 5.0;
				TARGETED_DEVICE_FAMILY = "1,2";
				TEST_TARGET_NAME = "Statistics Covid-19";
			};
			name = Release;
		};
/* End XCBuildConfiguration section */

/* Begin XCConfigurationList section */
		B42BD68026BFDF02007969B7 /* Build configuration list for PBXProject "Statistics Covid-19" */ = {
			isa = XCConfigurationList;
			buildConfigurations = (
				B42BD6B026BFDF04007969B7 /* Debug */,
				B42BD6B126BFDF04007969B7 /* Release */,
			);
			defaultConfigurationIsVisible = 0;
			defaultConfigurationName = Release;
		};
		B42BD6B226BFDF04007969B7 /* Build configuration list for PBXNativeTarget "Statistics Covid-19" */ = {
			isa = XCConfigurationList;
			buildConfigurations = (
				B42BD6B326BFDF04007969B7 /* Debug */,
				B42BD6B426BFDF04007969B7 /* Release */,
			);
			defaultConfigurationIsVisible = 0;
			defaultConfigurationName = Release;
		};
		B42BD6B526BFDF04007969B7 /* Build configuration list for PBXNativeTarget "Statistics Covid-19Tests" */ = {
			isa = XCConfigurationList;
			buildConfigurations = (
				B42BD6B626BFDF04007969B7 /* Debug */,
				B42BD6B726BFDF04007969B7 /* Release */,
			);
			defaultConfigurationIsVisible = 0;
			defaultConfigurationName = Release;
		};
		B42BD6B826BFDF04007969B7 /* Build configuration list for PBXNativeTarget "Statistics Covid-19UITests" */ = {
			isa = XCConfigurationList;
			buildConfigurations = (
				B42BD6B926BFDF04007969B7 /* Debug */,
				B42BD6BA26BFDF04007969B7 /* Release */,
			);
			defaultConfigurationIsVisible = 0;
			defaultConfigurationName = Release;
		};
/* End XCConfigurationList section */

/* Begin XCVersionGroup section */
		B48831DD26DA657D00A8017B /* StatisticsCovid.xcdatamodeld */ = {
			isa = XCVersionGroup;
			children = (
				B48831DE26DA657D00A8017B /* StatisticsCovid.xcdatamodel */,
			);
			currentVersion = B48831DE26DA657D00A8017B /* StatisticsCovid.xcdatamodel */;
			path = StatisticsCovid.xcdatamodeld;
			sourceTree = "<group>";
			versionGroupType = wrapper.xcdatamodel;
		};
/* End XCVersionGroup section */
	};
	rootObject = B42BD67D26BFDF02007969B7 /* Project object */;
}
